
Microsoft Visual Studio Solution File, Format Version 12.00
# Visual Studio Version 16
VisualStudioVersion = 16.0.31911.196
MinimumVisualStudioVersion = 10.0.40219.1
Project("{FAE04EC0-301F-11D3-BF4B-00C04F79EFBC}") = "HomeWork19.12.21", "HomeWork19.12.21\HomeWork19.12.21.csproj", "{CC9188F9-17C6-4F88-B604-D30D61045F6C}"
EndProject
Global
	GlobalSection(SolutionConfigurationPlatforms) = preSolution
		Debug|Any CPU = Debug|Any CPU
		Release|Any CPU = Release|Any CPU
	EndGlobalSection
	GlobalSection(ProjectConfigurationPlatforms) = postSolution
		{CC9188F9-17C6-4F88-B604-D30D61045F6C}.Debug|Any CPU.ActiveCfg = Debug|Any CPU
		{CC9188F9-17C6-4F88-B604-D30D61045F6C}.Debug|Any CPU.Build.0 = Debug|Any CPU
		{CC9188F9-17C6-4F88-B604-D30D61045F6C}.Release|Any CPU.ActiveCfg = Release|Any CPU
		{CC9188F9-17C6-4F88-B604-D30D61045F6C}.Release|Any CPU.Build.0 = Release|Any CPU
	EndGlobalSection
	GlobalSection(SolutionProperties) = preSolution
		HideSolutionNode = FALSE
	EndGlobalSection
	GlobalSection(ExtensibilityGlobals) = postSolution
		SolutionGuid = {89267808-631B-4558-B12D-63ABC772D5B3}
	EndGlobalSection
EndGlobal
